{
    "requires": true,
    "lockfileVersion": 1,
    "dependencies": {
        "katex": {
            "version": "0.7.1",
            "resolved": "https://registry.npmjs.org/katex/-/katex-0.7.1.tgz",
            "integrity": "sha1-BrtSmO+tBeHnIoA1uo4VkfMGG48=",
            "requires": {
                "match-at": "0.1.0"
            }
        },
        "match-at": {
            "version": "0.1.0",
            "resolved": "https://registry.npmjs.org/match-at/-/match-at-0.1.0.tgz",
            "integrity": "sha1-9WHncJ/5oQW4XMYsa47nwVvyTzE="
        }
    }
}
